// !$*UTF8*$!
{
	archiveVersion = 1;
	classes = {
	};
	objectVersion = 48;
	objects = {

/* Begin PBXBuildFile section */
		90350B4D2091AD6C00555011 /* AppDelegate.swift in Sources */ = {isa = PBXBuildFile; fileRef = 90350B4C2091AD6C00555011 /* AppDelegate.swift */; };
		90350B4F2091AD6C00555011 /* ViewController.swift in Sources */ = {isa = PBXBuildFile; fileRef = 90350B4E2091AD6C00555011 /* ViewController.swift */; };
		90350B522091AD6C00555011 /* Main.storyboard in Resources */ = {isa = PBXBuildFile; fileRef = 90350B502091AD6C00555011 /* Main.storyboard */; };
		90350B552091AD6C00555011 /* core.xcdatamodeld in Sources */ = {isa = PBXBuildFile; fileRef = 90350B532091AD6C00555011 /* core.xcdatamodeld */; };
		90350B572091AD6C00555011 /* Assets.xcassets in Resources */ = {isa = PBXBuildFile; fileRef = 90350B562091AD6C00555011 /* Assets.xcassets */; };
		90350B5A2091AD6C00555011 /* LaunchScreen.storyboard in Resources */ = {isa = PBXBuildFile; fileRef = 90350B582091AD6C00555011 /* LaunchScreen.storyboard */; };
		90350B652091AD6C00555011 /* coreTests.swift in Sources */ = {isa = PBXBuildFile; fileRef = 90350B642091AD6C00555011 /* coreTests.swift */; };
		90350B702091AD6C00555011 /* coreUITests.swift in Sources */ = {isa = PBXBuildFile; fileRef = 90350B6F2091AD6C00555011 /* coreUITests.swift */; };
		90350B822091AE1B00555011 /* DatabaseHelper.swift in Sources */ = {isa = PBXBuildFile; fileRef = 90350B812091AE1B00555011 /* DatabaseHelper.swift */; };
		E4F2922F2284C38200F5920C /* TableViewCell.swift in Sources */ = {isa = PBXBuildFile; fileRef = E4F2922E2284C38200F5920C /* TableViewCell.swift */; };
		E4F292312284C3AB00F5920C /* ListViewController.swift in Sources */ = {isa = PBXBuildFile; fileRef = E4F292302284C3AB00F5920C /* ListViewController.swift */; };
/* End PBXBuildFile section */

/* Begin PBXContainerItemProxy section */
		90350B612091AD6C00555011 /* PBXContainerItemProxy */ = {
			isa = PBXContainerItemProxy;
			containerPortal = 90350B412091AD6C00555011 /* Project object */;
			proxyType = 1;
			remoteGlobalIDString = 90350B482091AD6C00555011;
			remoteInfo = core;
		};
		90350B6C2091AD6C00555011 /* PBXContainerItemProxy */ = {
			isa = PBXContainerItemProxy;
			containerPortal = 90350B412091AD6C00555011 /* Project object */;
			proxyType = 1;
			remoteGlobalIDString = 90350B482091AD6C00555011;
			remoteInfo = core;
		};
/* End PBXContainerItemProxy section */

/* Begin PBXFileReference section */
		90350B492091AD6C00555011 /* comida.app */ = {isa = PBXFileReference; explicitFileType = wrapper.application; includeInIndex = 0; path = comida.app; sourceTree = BUILT_PRODUCTS_DIR; };
		90350B4C2091AD6C00555011 /* AppDelegate.swift */ = {isa = PBXFileReference; lastKnownFileType = sourcecode.swift; path = AppDelegate.swift; sourceTree = "<group>"; };
		90350B4E2091AD6C00555011 /* ViewController.swift */ = {isa = PBXFileReference; lastKnownFileType = sourcecode.swift; path = ViewController.swift; sourceTree = "<group>"; };
		90350B512091AD6C00555011 /* Base */ = {isa = PBXFileReference; lastKnownFileType = file.storyboard; name = Base; path = Base.lproj/Main.storyboard; sourceTree = "<group>"; };
		90350B542091AD6C00555011 /* core.xcdatamodel */ = {isa = PBXFileReference; lastKnownFileType = wrapper.xcdatamodel; path = core.xcdatamodel; sourceTree = "<group>"; };
		90350B562091AD6C00555011 /* Assets.xcassets */ = {isa = PBXFileReference; lastKnownFileType = folder.assetcatalog; path = Assets.xcassets; sourceTree = "<group>"; };
		90350B592091AD6C00555011 /* Base */ = {isa = PBXFileReference; lastKnownFileType = file.storyboard; name = Base; path = Base.lproj/LaunchScreen.storyboard; sourceTree = "<group>"; };
		90350B5B2091AD6C00555011 /* Info.plist */ = {isa = PBXFileReference; lastKnownFileType = text.plist.xml; path = Info.plist; sourceTree = "<group>"; };
		90350B602091AD6C00555011 /* comidaTests.xctest */ = {isa = PBXFileReference; explicitFileType = wrapper.cfbundle; includeInIndex = 0; path = comidaTests.xctest; sourceTree = BUILT_PRODUCTS_DIR; };
		90350B642091AD6C00555011 /* coreTests.swift */ = {isa = PBXFileReference; lastKnownFileType = sourcecode.swift; path = coreTests.swift; sourceTree = "<group>"; };
		90350B662091AD6C00555011 /* Info.plist */ = {isa = PBXFileReference; lastKnownFileType = text.plist.xml; path = Info.plist; sourceTree = "<group>"; };
		90350B6B2091AD6C00555011 /* comidaUITests.xctest */ = {isa = PBXFileReference; explicitFileType = wrapper.cfbundle; includeInIndex = 0; path = comidaUITests.xctest; sourceTree = BUILT_PRODUCTS_DIR; };
		90350B6F2091AD6C00555011 /* coreUITests.swift */ = {isa = PBXFileReference; lastKnownFileType = sourcecode.swift; path = coreUITests.swift; sourceTree = "<group>"; };
		90350B712091AD6C00555011 /* Info.plist */ = {isa = PBXFileReference; lastKnownFileType = text.plist.xml; path = Info.plist; sourceTree = "<group>"; };
		90350B812091AE1B00555011 /* DatabaseHelper.swift */ = {isa = PBXFileReference; lastKnownFileType = sourcecode.swift; path = DatabaseHelper.swift; sourceTree = "<group>"; };
		90350B842091B0B300555011 /* CoreData.framework */ = {isa = PBXFileReference; lastKnownFileType = wrapper.framework; name = CoreData.framework; path = System/Library/Frameworks/CoreData.framework; sourceTree = SDKROOT; };
		E4F2922E2284C38200F5920C /* TableViewCell.swift */ = {isa = PBXFileReference; lastKnownFileType = sourcecode.swift; path = TableViewCell.swift; sourceTree = "<group>"; };
		E4F292302284C3AB00F5920C /* ListViewController.swift */ = {isa = PBXFileReference; lastKnownFileType = sourcecode.swift; path = ListViewController.swift; sourceTree = "<group>"; };
/* End PBXFileReference section */

/* Begin PBXFrameworksBuildPhase section */
		90350B462091AD6C00555011 /* Frameworks */ = {
			isa = PBXFrameworksBuildPhase;
			buildActionMask = 2147483647;
			files = (
			);
			runOnlyForDeploymentPostprocessing = 0;
		};
		90350B5D2091AD6C00555011 /* Frameworks */ = {
			isa = PBXFrameworksBuildPhase;
			buildActionMask = 2147483647;
			files = (
			);
			runOnlyForDeploymentPostprocessing = 0;
		};
		90350B682091AD6C00555011 /* Frameworks */ = {
			isa = PBXFrameworksBuildPhase;
			buildActionMask = 2147483647;
			files = (
			);
			runOnlyForDeploymentPostprocessing = 0;
		};
/* End PBXFrameworksBuildPhase section */

/* Begin PBXGroup section */
		90350B402091AD6C00555011 = {
			isa = PBXGroup;
			children = (
				90350B4B2091AD6C00555011 /* comida */,
				90350B632091AD6C00555011 /* coreTests */,
				90350B6E2091AD6C00555011 /* coreUITests */,
				90350B4A2091AD6C00555011 /* Cancion */,
				90350B832091B0B200555011 /* Frameworks */,
			);
			sourceTree = "<group>";
		};
		90350B4A2091AD6C00555011 /* Cancion */ = {
			isa = PBXGroup;
			children = (
				90350B492091AD6C00555011 /* comida.app */,
				90350B602091AD6C00555011 /* comidaTests.xctest */,
				90350B6B2091AD6C00555011 /* comidaUITests.xctest */,
			);
			name = Cancion;
			sourceTree = "<group>";
		};
		90350B4B2091AD6C00555011 /* comida */ = {
			isa = PBXGroup;
			children = (
				90350B4C2091AD6C00555011 /* AppDelegate.swift */,
				90350B4E2091AD6C00555011 /* ViewController.swift */,
				90350B812091AE1B00555011 /* DatabaseHelper.swift */,
				90350B502091AD6C00555011 /* Main.storyboard */,
				E4F2922E2284C38200F5920C /* TableViewCell.swift */,
				E4F292302284C3AB00F5920C /* ListViewController.swift */,
				90350B562091AD6C00555011 /* Assets.xcassets */,
				90350B582091AD6C00555011 /* LaunchScreen.storyboard */,
				90350B5B2091AD6C00555011 /* Info.plist */,
				90350B532091AD6C00555011 /* core.xcdatamodeld */,
			);
			path = comida;
			sourceTree = "<group>";
		};
		90350B632091AD6C00555011 /* coreTests */ = {
			isa = PBXGroup;
			children = (
				90350B642091AD6C00555011 /* coreTests.swift */,
				90350B662091AD6C00555011 /* Info.plist */,
			);
			path = coreTests;
			sourceTree = "<group>";
		};
		90350B6E2091AD6C00555011 /* coreUITests */ = {
			isa = PBXGroup;
			children = (
				90350B6F2091AD6C00555011 /* coreUITests.swift */,
				90350B712091AD6C00555011 /* Info.plist */,
			);
			path = coreUITests;
			sourceTree = "<group>";
		};
		90350B832091B0B200555011 /* Frameworks */ = {
			isa = PBXGroup;
			children = (
				90350B842091B0B300555011 /* CoreData.framework */,
			);
			name = Frameworks;
			sourceTree = "<group>";
		};
/* End PBXGroup section */

/* Begin PBXNativeTarget section */
		90350B482091AD6C00555011 /* comida */ = {
			isa = PBXNativeTarget;
			buildConfigurationList = 90350B742091AD6C00555011 /* Build configuration list for PBXNativeTarget "comida" */;
			buildPhases = (
				90350B452091AD6C00555011 /* Sources */,
				90350B462091AD6C00555011 /* Frameworks */,
				90350B472091AD6C00555011 /* Resources */,
			);
			buildRules = (
			);
			dependencies = (
			);
			name = comida;
			productName = core;
			productReference = 90350B492091AD6C00555011 /* comida.app */;
			productType = "com.apple.product-type.application";
		};
		90350B5F2091AD6C00555011 /* comidaTests */ = {
			isa = PBXNativeTarget;
			buildConfigurationList = 90350B772091AD6C00555011 /* Build configuration list for PBXNativeTarget "comidaTests" */;
			buildPhases = (
				90350B5C2091AD6C00555011 /* Sources */,
				90350B5D2091AD6C00555011 /* Frameworks */,
				90350B5E2091AD6C00555011 /* Resources */,
			);
			buildRules = (
			);
			dependencies = (
				90350B622091AD6C00555011 /* PBXTargetDependency */,
			);
			name = comidaTests;
			productName = coreTests;
			productReference = 90350B602091AD6C00555011 /* comidaTests.xctest */;
			productType = "com.apple.product-type.bundle.unit-test";
		};
		90350B6A2091AD6C00555011 /* comidaUITests */ = {
			isa = PBXNativeTarget;
			buildConfigurationList = 90350B7A2091AD6C00555011 /* Build configuration list for PBXNativeTarget "comidaUITests" */;
			buildPhases = (
				90350B672091AD6C00555011 /* Sources */,
				90350B682091AD6C00555011 /* Frameworks */,
				90350B692091AD6C00555011 /* Resources */,
			);
			buildRules = (
			);
			dependencies = (
				90350B6D2091AD6C00555011 /* PBXTargetDependency */,
			);
			name = comidaUITests;
			productName = coreUITests;
			productReference = 90350B6B2091AD6C00555011 /* comidaUITests.xctest */;
			productType = "com.apple.product-type.bundle.ui-testing";
		};
/* End PBXNativeTarget section */

/* Begin PBXProject section */
		90350B412091AD6C00555011 /* Project object */ = {
			isa = PBXProject;
			attributes = {
				LastSwiftUpdateCheck = 0900;
				LastUpgradeCheck = 1010;
				ORGANIZATIONNAME = "Yogesh Patel";
				TargetAttributes = {
					90350B482091AD6C00555011 = {
						CreatedOnToolsVersion = 9.0.1;
						LastSwiftMigration = 1020;
						ProvisioningStyle = Automatic;
					};
					90350B5F2091AD6C00555011 = {
						CreatedOnToolsVersion = 9.0.1;
						LastSwiftMigration = 1020;
						ProvisioningStyle = Automatic;
						TestTargetID = 90350B482091AD6C00555011;
					};
					90350B6A2091AD6C00555011 = {
						CreatedOnToolsVersion = 9.0.1;
						LastSwiftMigration = 1020;
						ProvisioningStyle = Automatic;
						TestTargetID = 90350B482091AD6C00555011;
					};
				};
			};
			buildConfigurationList = 90350B442091AD6C00555011 /* Build configuration list for PBXProject "comida" */;
			compatibilityVersion = "Xcode 8.0";
			developmentRegion = en;
			hasScannedForEncodings = 0;
			knownRegions = (
				en,
				Base,
			);
			mainGroup = 90350B402091AD6C00555011;
			productRefGroup = 90350B4A2091AD6C00555011 /* Cancion */;
			projectDirPath = "";
			projectRoot = "";
			targets = (
				90350B482091AD6C00555011 /* comida */,
				90350B5F2091AD6C00555011 /* comidaTests */,
				90350B6A2091AD6C00555011 /* comidaUITests */,
			);
		};
/* End PBXProject section */

/* Begin PBXResourcesBuildPhase section */
		90350B472091AD6C00555011 /* Resources */ = {
			isa = PBXResourcesBuildPhase;
			buildActionMask = 2147483647;
			files = (
				90350B5A2091AD6C00555011 /* LaunchScreen.storyboard in Resources */,
				90350B572091AD6C00555011 /* Assets.xcassets in Resources */,
				90350B522091AD6C00555011 /* Main.storyboard in Resources */,
			);
			runOnlyForDeploymentPostprocessing = 0;
		};
		90350B5E2091AD6C00555011 /* Resources */ = {
			isa = PBXResourcesBuildPhase;
			buildActionMask = 2147483647;
			files = (
			);
			runOnlyForDeploymentPostprocessing = 0;
		};
		90350B692091AD6C00555011 /* Resources */ = {
			isa = PBXResourcesBuildPhase;
			buildActionMask = 2147483647;
			files = (
			);
			runOnlyForDeploymentPostprocessing = 0;
		};
/* End PBXResourcesBuildPhase section */

/* Begin PBXSourcesBuildPhase section */
		90350B452091AD6C00555011 /* Sources */ = {
			isa = PBXSourcesBuildPhase;
			buildActionMask = 2147483647;
			files = (
				90350B4F2091AD6C00555011 /* ViewController.swift in Sources */,
				90350B552091AD6C00555011 /* core.xcdatamodeld in Sources */,
				90350B4D2091AD6C00555011 /* AppDelegate.swift in Sources */,
				E4F2922F2284C38200F5920C /* TableViewCell.swift in Sources */,
				90350B822091AE1B00555011 /* DatabaseHelper.swift in Sources */,
				E4F292312284C3AB00F5920C /* ListViewController.swift in Sources */,
			);
			runOnlyForDeploymentPostprocessing = 0;
		};
		90350B5C2091AD6C00555011 /* Sources */ = {
			isa = PBXSourcesBuildPhase;
			buildActionMask = 2147483647;
			files = (
				90350B652091AD6C00555011 /* coreTests.swift in Sources */,
			);
			runOnlyForDeploymentPostprocessing = 0;
		};
		90350B672091AD6C00555011 /* Sources */ = {
			isa = PBXSourcesBuildPhase;
			buildActionMask = 2147483647;
			files = (
				90350B702091AD6C00555011 /* coreUITests.swift in Sources */,
			);
			runOnlyForDeploymentPostprocessing = 0;
		};
/* End PBXSourcesBuildPhase section */

/* Begin PBXTargetDependency section */
		90350B622091AD6C00555011 /* PBXTargetDependency */ = {
			isa = PBXTargetDependency;
			target = 90350B482091AD6C00555011 /* comida */;
			targetProxy = 90350B612091AD6C00555011 /* PBXContainerItemProxy */;
		};
		90350B6D2091AD6C00555011 /* PBXTargetDependency */ = {
			isa = PBXTargetDependency;
			target = 90350B482091AD6C00555011 /* comida */;
			targetProxy = 90350B6C2091AD6C00555011 /* PBXContainerItemProxy */;
		};
/* End PBXTargetDependency section */

/* Begin PBXVariantGroup section */
		90350B502091AD6C00555011 /* Main.storyboard */ = {
			isa = PBXVariantGroup;
			children = (
				90350B512091AD6C00555011 /* Base */,
			);
			name = Main.storyboard;
			sourceTree = "<group>";
		};
		90350B582091AD6C00555011 /* LaunchScreen.storyboard */ = {
			isa = PBXVariantGroup;
			children = (
				90350B592091AD6C00555011 /* Base */,
			);
			name = LaunchScreen.storyboard;
			sourceTree = "<group>";
		};
/* End PBXVariantGroup section */

/* Begin XCBuildConfiguration section */
		90350B722091AD6C00555011 /* Debug */ = {
			isa = XCBuildConfiguration;
			buildSettings = {
				ALWAYS_SEARCH_USER_PATHS = NO;
				CLANG_ANALYZER_NONNULL = YES;
				CLANG_ANALYZER_NUMBER_OBJECT_CONVERSION = YES_AGGRESSIVE;
				CLANG_CXX_LANGUAGE_STANDARD = "gnu++14";
				CLANG_CXX_LIBRARY = "libc++";
				CLANG_ENABLE_MODULES = YES;
				CLANG_ENABLE_OBJC_ARC = YES;
				CLANG_WARN_BLOCK_CAPTURE_AUTORELEASING = YES;
				CLANG_WARN_BOOL_CONVERSION = YES;
				CLANG_WARN_COMMA = YES;
				CLANG_WARN_CONSTANT_CONVERSION = YES;
				CLANG_WARN_DEPRECATED_OBJC_IMPLEMENTATIONS = YES;
				CLANG_WARN_DIRECT_OBJC_ISA_USAGE = YES_ERROR;
				CLANG_WARN_DOCUMENTATION_COMMENTS = YES;
				CLANG_WARN_EMPTY_BODY = YES;
				CLANG_WARN_ENUM_CONVERSION = YES;
				CLANG_WARN_INFINITE_RECURSION = YES;
				CLANG_WARN_INT_CONVERSION = YES;
				CLANG_WARN_NON_LITERAL_NULL_CONVERSION = YES;
				CLANG_WARN_OBJC_IMPLICIT_RETAIN_SELF = YES;
				CLANG_WARN_OBJC_LITERAL_CONVERSION = YES;
				CLANG_WARN_OBJC_ROOT_CLASS = YES_ERROR;
				CLANG_WARN_RANGE_LOOP_ANALYSIS = YES;
				CLANG_WARN_STRICT_PROTOTYPES = YES;
				CLANG_WARN_SUSPICIOUS_MOVE = YES;
				CLANG_WARN_UNGUARDED_AVAILABILITY = YES_AGGRESSIVE;
				CLANG_WARN_UNREACHABLE_CODE = YES;
				CLANG_WARN__DUPLICATE_METHOD_MATCH = YES;
				CODE_SIGN_IDENTITY = "iPhone Developer";
				COPY_PHASE_STRIP = NO;
				DEBUG_INFORMATION_FORMAT = dwarf;
				ENABLE_STRICT_OBJC_MSGSEND = YES;
				ENABLE_TESTABILITY = YES;
				GCC_C_LANGUAGE_STANDARD = gnu11;
				GCC_DYNAMIC_NO_PIC = NO;
				GCC_NO_COMMON_BLOCKS = YES;
				GCC_OPTIMIZATION_LEVEL = 0;
				GCC_PREPROCESSOR_DEFINITIONS = (
					"DEBUG=1",
					"$(inherited)",
				);
				GCC_WARN_64_TO_32_BIT_CONVERSION = YES;
				GCC_WARN_ABOUT_RETURN_TYPE = YES_ERROR;
				GCC_WARN_UNDECLARED_SELECTOR = YES;
				GCC_WARN_UNINITIALIZED_AUTOS = YES_AGGRESSIVE;
				GCC_WARN_UNUSED_FUNCTION = YES;
				GCC_WARN_UNUSED_VARIABLE = YES;
				IPHONEOS_DEPLOYMENT_TARGET = 11.0;
				MTL_ENABLE_DEBUG_INFO = YES;
				ONLY_ACTIVE_ARCH = YES;
				SDKROOT = iphoneos;
				SWIFT_ACTIVE_COMPILATION_CONDITIONS = DEBUG;
				SWIFT_OPTIMIZATION_LEVEL = "-Onone";
			};
			name = Debug;
		};
		90350B732091AD6C00555011 /* Release */ = {
			isa = XCBuildConfiguration;
			buildSettings = {
				ALWAYS_SEARCH_USER_PATHS = NO;
				CLANG_ANALYZER_NONNULL = YES;
				CLANG_ANALYZER_NUMBER_OBJECT_CONVERSION = YES_AGGRESSIVE;
				CLANG_CXX_LANGUAGE_STANDARD = "gnu++14";
				CLANG_CXX_LIBRARY = "libc++";
				CLANG_ENABLE_MODULES = YES;
				CLANG_ENABLE_OBJC_ARC = YES;
				CLANG_WARN_BLOCK_CAPTURE_AUTORELEASING = YES;
				CLANG_WARN_BOOL_CONVERSION = YES;
				CLANG_WARN_COMMA = YES;
				CLANG_WARN_CONSTANT_CONVERSION = YES;
				CLANG_WARN_DEPRECATED_OBJC_IMPLEMENTATIONS = YES;
				CLANG_WARN_DIRECT_OBJC_ISA_USAGE = YES_ERROR;
				CLANG_WARN_DOCUMENTATION_COMMENTS = YES;
				CLANG_WARN_EMPTY_BODY = YES;
				CLANG_WARN_ENUM_CONVERSION = YES;
				CLANG_WARN_INFINITE_RECURSION = YES;
				CLANG_WARN_INT_CONVERSION = YES;
				CLANG_WARN_NON_LITERAL_NULL_CONVERSION = YES;
				CLANG_WARN_OBJC_IMPLICIT_RETAIN_SELF = YES;
				CLANG_WARN_OBJC_LITERAL_CONVERSION = YES;
				CLANG_WARN_OBJC_ROOT_CLASS = YES_ERROR;
				CLANG_WARN_RANGE_LOOP_ANALYSIS = YES;
				CLANG_WARN_STRICT_PROTOTYPES = YES;
				CLANG_WARN_SUSPICIOUS_MOVE = YES;
				CLANG_WARN_UNGUARDED_AVAILABILITY = YES_AGGRESSIVE;
				CLANG_WARN_UNREACHABLE_CODE = YES;
				CLANG_WARN__DUPLICATE_METHOD_MATCH = YES;
				CODE_SIGN_IDENTITY = "iPhone Developer";
				COPY_PHASE_STRIP = NO;
				DEBUG_INFORMATION_FORMAT = "dwarf-with-dsym";
				ENABLE_NS_ASSERTIONS = NO;
				ENABLE_STRICT_OBJC_MSGSEND = YES;
				GCC_C_LANGUAGE_STANDARD = gnu11;
				GCC_NO_COMMON_BLOCKS = YES;
				GCC_WARN_64_TO_32_BIT_CONVERSION = YES;
				GCC_WARN_ABOUT_RETURN_TYPE = YES_ERROR;
				GCC_WARN_UNDECLARED_SELECTOR = YES;
				GCC_WARN_UNINITIALIZED_AUTOS = YES_AGGRESSIVE;
				GCC_WARN_UNUSED_FUNCTION = YES;
				GCC_WARN_UNUSED_VARIABLE = YES;
				IPHONEOS_DEPLOYMENT_TARGET = 11.0;
				MTL_ENABLE_DEBUG_INFO = NO;
				SDKROOT = iphoneos;
				SWIFT_OPTIMIZATION_LEVEL = "-Owholemodule";
				VALIDATE_PRODUCT = YES;
			};
			name = Release;
		};
		90350B752091AD6C00555011 /* Debug */ = {
			isa = XCBuildConfiguration;
			buildSettings = {
				ASSETCATALOG_COMPILER_APPICON_NAME = AppIcon;
				CODE_SIGN_STYLE = Automatic;
				DEVELOPMENT_TEAM = RR3M9B9HNP;
				INFOPLIST_FILE = "$(SRCROOT)/comida/Info.plist";
				LD_RUNPATH_SEARCH_PATHS = "$(inherited) @executable_path/Frameworks";
				MTL_ENABLE_DEBUG_INFO = NO;
				"MTL_ENABLE_DEBUG_INFO[arch=*]" = NO;
				PRODUCT_BUNDLE_IDENTIFIER = utng;
				PRODUCT_NAME = "$(TARGET_NAME)";
				SWIFT_VERSION = 5.0;
				TARGETED_DEVICE_FAMILY = "1,2";
			};
			name = Debug;
		};
		90350B762091AD6C00555011 /* Release */ = {
			isa = XCBuildConfiguration;
			buildSettings = {
				ASSETCATALOG_COMPILER_APPICON_NAME = AppIcon;
				CODE_SIGN_STYLE = Automatic;
				DEVELOPMENT_TEAM = RR3M9B9HNP;
				INFOPLIST_FILE = "$(SRCROOT)/comida/Info.plist";
				LD_RUNPATH_SEARCH_PATHS = "$(inherited) @executable_path/Frameworks";
				PRODUCT_BUNDLE_IDENTIFIER = utng;
				PRODUCT_NAME = "$(TARGET_NAME)";
				SWIFT_VERSION = 5.0;
				TARGETED_DEVICE_FAMILY = "1,2";
			};
			name = Release;
		};
		90350B782091AD6C00555011 /* Debug */ = {
			isa = XCBuildConfiguration;
			buildSettings = {
				ALWAYS_EMBED_SWIFT_STANDARD_LIBRARIES = YES;
				BUNDLE_LOADER = "$(TEST_HOST)";
				CODE_SIGN_STYLE = Automatic;
				DEVELOPMENT_TEAM = CF4QM4CNHN;
				INFOPLIST_FILE = coreTests/Info.plist;
				LD_RUNPATH_SEARCH_PATHS = "$(inherited) @executable_path/Frameworks @loader_path/Frameworks";
				PRODUCT_BUNDLE_IDENTIFIER = "com.yogesh-patel.coreTests";
				PRODUCT_NAME = "$(TARGET_NAME)";
				SWIFT_VERSION = 5.0;
				TARGETED_DEVICE_FAMILY = "1,2";
				TEST_HOST = "$(BUILT_PRODUCTS_DIR)/comida.app/comida";
			};
			name = Debug;
		};
		90350B792091AD6C00555011 /* Release */ = {
			isa = XCBuildConfiguration;
			buildSettings = {
				ALWAYS_EMBED_SWIFT_STANDARD_LIBRARIES = YES;
				BUNDLE_LOADER = "$(TEST_HOST)";
				CODE_SIGN_STYLE = Automatic;
				DEVELOPMENT_TEAM = CF4QM4CNHN;
				INFOPLIST_FILE = coreTests/Info.plist;
				LD_RUNPATH_SEARCH_PATHS = "$(inherited) @executable_path/Frameworks @loader_path/Frameworks";
				PRODUCT_BUNDLE_IDENTIFIER = "com.yogesh-patel.coreTests";
				PRODUCT_NAME = "$(TARGET_NAME)";
				SWIFT_VERSION = 5.0;
				TARGETED_DEVICE_FAMILY = "1,2";
				TEST_HOST = "$(BUILT_PRODUCTS_DIR)/comida.app/comida";
			};
			name = Release;
		};
		90350B7B2091AD6C00555011 /* Debug */ = {
			isa = XCBuildConfiguration;
			buildSettings = {
				ALWAYS_EMBED_SWIFT_STANDARD_LIBRARIES = YES;
				CODE_SIGN_STYLE = Automatic;
				DEVELOPMENT_TEAM = CF4QM4CNHN;
				INFOPLIST_FILE = coreUITests/Info.plist;
				LD_RUNPATH_SEARCH_PATHS = "$(inherited) @executable_path/Frameworks @loader_path/Frameworks";
				PRODUCT_BUNDLE_IDENTIFIER = "com.yogesh-patel.coreUITests";
				PRODUCT_NAME = "$(TARGET_NAME)";
				SWIFT_VERSION = 5.0;
				TARGETED_DEVICE_FAMILY = "1,2";
				TEST_TARGET_NAME = core;
			};
			name = Debug;
		};
		90350B7C2091AD6C00555011 /* Release */ = {
			isa = XCBuildConfiguration;
			buildSettings = {
				ALWAYS_EMBED_SWIFT_STANDARD_LIBRARIES = YES;
				CODE_SIGN_STYLE = Automatic;
				DEVELOPMENT_TEAM = CF4QM4CNHN;
				INFOPLIST_FILE = coreUITests/Info.plist;
				LD_RUNPATH_SEARCH_PATHS = "$(inherited) @executable_path/Frameworks @loader_path/Frameworks";
				PRODUCT_BUNDLE_IDENTIFIER = "com.yogesh-patel.coreUITests";
				PRODUCT_NAME = "$(TARGET_NAME)";
				SWIFT_VERSION = 5.0;
				TARGETED_DEVICE_FAMILY = "1,2";
				TEST_TARGET_NAME = core;
			};
			name = Release;
		};
/* End XCBuildConfiguration section */

/* Begin XCConfigurationList section */
		90350B442091AD6C00555011 /* Build configuration list for PBXProject "comida" */ = {
			isa = XCConfigurationList;
			buildConfigurations = (
				90350B722091AD6C00555011 /* Debug */,
				90350B732091AD6C00555011 /* Release */,
			);
			defaultConfigurationIsVisible = 0;
			defaultConfigurationName = Release;
		};
		90350B742091AD6C00555011 /* Build configuration list for PBXNativeTarget "comida" */ = {
			isa = XCConfigurationList;
			buildConfigurations = (
				90350B752091AD6C00555011 /* Debug */,
				90350B762091AD6C00555011 /* Release */,
			);
			defaultConfigurationIsVisible = 0;
			defaultConfigurationName = Release;
		};
		90350B772091AD6C00555011 /* Build configuration list for PBXNativeTarget "comidaTests" */ = {
			isa = XCConfigurationList;
			buildConfigurations = (
				90350B782091AD6C00555011 /* Debug */,
				90350B792091AD6C00555011 /* Release */,
			);
			defaultConfigurationIsVisible = 0;
			defaultConfigurationName = Release;
		};
		90350B7A2091AD6C00555011 /* Build configuration list for PBXNativeTarget "comidaUITests" */ = {
			isa = XCConfigurationList;
			buildConfigurations = (
				90350B7B2091AD6C00555011 /* Debug */,
				90350B7C2091AD6C00555011 /* Release */,
			);
			defaultConfigurationIsVisible = 0;
			defaultConfigurationName = Release;
		};
/* End XCConfigurationList section */

/* Begin XCVersionGroup section */
		90350B532091AD6C00555011 /* core.xcdatamodeld */ = {
			isa = XCVersionGroup;
			children = (
				90350B542091AD6C00555011 /* core.xcdatamodel */,
			);
			currentVersion = 90350B542091AD6C00555011 /* core.xcdatamodel */;
			path = core.xcdatamodeld;
			sourceTree = "<group>";
			versionGroupType = wrapper.xcdatamodel;
		};
/* End XCVersionGroup section */
	};
	rootObject = 90350B412091AD6C00555011 /* Project object */;
}
